
Microsoft Visual Studio Solution File, Format Version 12.00
# Visual Studio 15
VisualStudioVersion = 15.0.28307.902
MinimumVisualStudioVersion = 10.0.40219.1
Project("{FAE04EC0-301F-11D3-BF4B-00C04F79EFBC}") = "Serialization", "Serialization\Serialization.csproj", "{F52B6B50-ED74-43EE-97EA-57ECFDCF5D2D}"
EndProject
Global
	GlobalSection(SolutionConfigurationPlatforms) = preSolution
		Debug|Any CPU = Debug|Any CPU
		Release|Any CPU = Release|Any CPU
	EndGlobalSection
	GlobalSection(ProjectConfigurationPlatforms) = postSolution
		{F52B6B50-ED74-43EE-97EA-57ECFDCF5D2D}.Debug|Any CPU.ActiveCfg = Debug|Any CPU
		{F52B6B50-ED74-43EE-97EA-57ECFDCF5D2D}.Debug|Any CPU.Build.0 = Debug|Any CPU
		{F52B6B50-ED74-43EE-97EA-57ECFDCF5D2D}.Release|Any CPU.ActiveCfg = Release|Any CPU
		{F52B6B50-ED74-43EE-97EA-57ECFDCF5D2D}.Release|Any CPU.Build.0 = Release|Any CPU
	EndGlobalSection
	GlobalSection(SolutionProperties) = preSolution
		HideSolutionNode = FALSE
	EndGlobalSection
	GlobalSection(ExtensibilityGlobals) = postSolution
		SolutionGuid = {337FA628-FA6C-4DA1-A9BF-AA0990A9933A}
	EndGlobalSection
EndGlobal
